PODS:
  - Alamofire (4.8.1)
  - DGActivityIndicatorView (2.1.1)
  - DropDown (2.3.12)
  - EVReflection (5.9.0):
    - EVReflection/Core (= 5.9.0)
  - EVReflection/Core (5.9.0)
  - GoogleMaps (2.7.0):
    - GoogleMaps/Maps (= 2.7.0)
  - GoogleMaps/Base (2.7.0)
  - GoogleMaps/Maps (2.7.0):
    - GoogleMaps/Base
  - GooglePlacePicker (2.7.0):
    - GoogleMaps (= 2.7.0)
    - GooglePlaces (= 2.7.0)
  - GooglePlaces (2.7.0):
    - GoogleMaps/Base (= 2.7.0)
  - IQKeyboardManagerSwift (6.2.0)
  - SDWebImage (4.4.4):
    - SDWebImage/Core (= 4.4.4)
  - SDWebImage/Core (4.4.4)

DEPENDENCIES:
  - Alamofire
  - DGActivityIndicatorView
  - DropDown
  - EVReflection
  - GoogleMaps
  - GooglePlacePicker
  - GooglePlaces
  - IQKeyboardManagerSwift
  - SDWebImage

SPEC REPOS:
  https://github.com/cocoapods/specs.git:
    - Alamofire
    - DGActivityIndicatorView
    - DropDown
    - EVReflection
    - GoogleMaps
    - GooglePlacePicker
    - GooglePlaces
    - IQKeyboardManagerSwift
    - SDWebImage

SPEC CHECKSUMS:
  Alamofire: 16ce2c353fb72865124ddae8a57c5942388f4f11
  DGActivityIndicatorView: ff2c76073d79692f724863c8dd38685866a03cb6
  DropDown: 0bcc278799ec11a3d34ce1aac9367fbbaf5423d9
  EVReflection: 52aa00a9035145b1fcf99acae01b782ecc4adad7
  GoogleMaps: f79af95cb24d869457b1f961c93d3ce8b2f3b848
  GooglePlacePicker: 59ea44db173c58486ad6123993e81feefcbce9c3
  GooglePlaces: 3d06e6c99654545b4738ce49648745779c25f2ef
  IQKeyboardManagerSwift: b07ccf9d8cafe993dcd6cb794eb4ba34611a0c4e
  SDWebImage: c00ec18ab25d10e5ffac109b0f78d1b4341c9691

PODFILE CHECKSUM: 818747134da87d58b1478555e03a7ce5a5fb86bc

COCOAPODS: 1.5.3
